
Microsoft Visual Studio Solution File, Format Version 12.00
# Visual Studio Version 17
VisualStudioVersion = 17.0.31903.59
MinimumVisualStudioVersion = 10.0.40219.1
Project("{9A19103F-16F7-4668-BE54-9A1E7A4F7556}") = "OdpDemo", "OdpDemo\OdpDemo.csproj", "{F73FA2F8-2F50-44FF-B4E9-D3556AA26802}"
EndProject
Project("{FAE04EC0-301F-11D3-BF4B-00C04F79EFBC}") = "MySqlDemo", "MySqlDemo\MySqlDemo.csproj", "{31F8558A-8500-48DF-9C81-36AA3147184E}"
EndProject
Global
	GlobalSection(SolutionConfigurationPlatforms) = preSolution
		Debug|Any CPU = Debug|Any CPU
		Release|Any CPU = Release|Any CPU
	EndGlobalSection
	GlobalSection(ProjectConfigurationPlatforms) = postSolution
		{F73FA2F8-2F50-44FF-B4E9-D3556AA26802}.Debug|Any CPU.ActiveCfg = Debug|Any CPU
		{F73FA2F8-2F50-44FF-B4E9-D3556AA26802}.Debug|Any CPU.Build.0 = Debug|Any CPU
		{F73FA2F8-2F50-44FF-B4E9-D3556AA26802}.Release|Any CPU.ActiveCfg = Release|Any CPU
		{F73FA2F8-2F50-44FF-B4E9-D3556AA26802}.Release|Any CPU.Build.0 = Release|Any CPU
		{31F8558A-8500-48DF-9C81-36AA3147184E}.Debug|Any CPU.ActiveCfg = Debug|Any CPU
		{31F8558A-8500-48DF-9C81-36AA3147184E}.Debug|Any CPU.Build.0 = Debug|Any CPU
		{31F8558A-8500-48DF-9C81-36AA3147184E}.Release|Any CPU.ActiveCfg = Release|Any CPU
		{31F8558A-8500-48DF-9C81-36AA3147184E}.Release|Any CPU.Build.0 = Release|Any CPU
	EndGlobalSection
	GlobalSection(SolutionProperties) = preSolution
		HideSolutionNode = FALSE
	EndGlobalSection
	GlobalSection(ExtensibilityGlobals) = postSolution
		SolutionGuid = {57C44A90-DC93-4389-A725-E0B4510E7FEE}
	EndGlobalSection
EndGlobal
