
Microsoft Visual Studio Solution File, Format Version 12.00
# Visual Studio Version 17
VisualStudioVersion = 17.0.31903.59
MinimumVisualStudioVersion = 10.0.40219.1
Project("{9A19103F-16F7-4668-BE54-9A1E7A4F7556}") = "DelegateDemo", "DelegateDemo\DelegateDemo.csproj", "{2F5C6841-0B85-400A-815C-E7FFD7017E4B}"
EndProject
Project("{FAE04EC0-301F-11D3-BF4B-00C04F79EFBC}") = "WindowsFormsApp1", "WindowsFormsApp1\WindowsFormsApp1.csproj", "{386DCE3E-67CB-44F6-8061-DC11A3C60CBE}"
EndProject
Global
	GlobalSection(SolutionConfigurationPlatforms) = preSolution
		Debug|Any CPU = Debug|Any CPU
		Release|Any CPU = Release|Any CPU
	EndGlobalSection
	GlobalSection(ProjectConfigurationPlatforms) = postSolution
		{2F5C6841-0B85-400A-815C-E7FFD7017E4B}.Debug|Any CPU.ActiveCfg = Debug|Any CPU
		{2F5C6841-0B85-400A-815C-E7FFD7017E4B}.Debug|Any CPU.Build.0 = Debug|Any CPU
		{2F5C6841-0B85-400A-815C-E7FFD7017E4B}.Release|Any CPU.ActiveCfg = Release|Any CPU
		{2F5C6841-0B85-400A-815C-E7FFD7017E4B}.Release|Any CPU.Build.0 = Release|Any CPU
		{386DCE3E-67CB-44F6-8061-DC11A3C60CBE}.Debug|Any CPU.ActiveCfg = Debug|Any CPU
		{386DCE3E-67CB-44F6-8061-DC11A3C60CBE}.Debug|Any CPU.Build.0 = Debug|Any CPU
		{386DCE3E-67CB-44F6-8061-DC11A3C60CBE}.Release|Any CPU.ActiveCfg = Release|Any CPU
		{386DCE3E-67CB-44F6-8061-DC11A3C60CBE}.Release|Any CPU.Build.0 = Release|Any CPU
	EndGlobalSection
	GlobalSection(SolutionProperties) = preSolution
		HideSolutionNode = FALSE
	EndGlobalSection
	GlobalSection(ExtensibilityGlobals) = postSolution
		SolutionGuid = {BC04B299-454E-4474-8CF0-4E5ACA409D41}
	EndGlobalSection
EndGlobal
