
Microsoft Visual Studio Solution File, Format Version 12.00
# Visual Studio Version 17
VisualStudioVersion = 17.1.32210.238
MinimumVisualStudioVersion = 10.0.40219.1
Project("{9A19103F-16F7-4668-BE54-9A1E7A4F7556}") = "ILDemo", "ILDemo\ILDemo.csproj", "{F404EDD8-B27B-4548-BD0B-FE0094CC935D}"
EndProject
Project("{9A19103F-16F7-4668-BE54-9A1E7A4F7556}") = "调用方法", "调用方法\调用方法.csproj", "{C8FAF92B-9435-4ECD-9E29-0C282914F19A}"
EndProject
Project("{FAE04EC0-301F-11D3-BF4B-00C04F79EFBC}") = "SourceCodeComplierDemo", "SourceCodeComplier\SourceCodeComplierDemo.csproj", "{ED56679E-C34B-4DF7-86FF-2DFCE949B3C7}"
EndProject
Global
	GlobalSection(SolutionConfigurationPlatforms) = preSolution
		Debug|Any CPU = Debug|Any CPU
		Release|Any CPU = Release|Any CPU
	EndGlobalSection
	GlobalSection(ProjectConfigurationPlatforms) = postSolution
		{F404EDD8-B27B-4548-BD0B-FE0094CC935D}.Debug|Any CPU.ActiveCfg = Debug|Any CPU
		{F404EDD8-B27B-4548-BD0B-FE0094CC935D}.Debug|Any CPU.Build.0 = Debug|Any CPU
		{F404EDD8-B27B-4548-BD0B-FE0094CC935D}.Release|Any CPU.ActiveCfg = Release|Any CPU
		{F404EDD8-B27B-4548-BD0B-FE0094CC935D}.Release|Any CPU.Build.0 = Release|Any CPU
		{C8FAF92B-9435-4ECD-9E29-0C282914F19A}.Debug|Any CPU.ActiveCfg = Debug|Any CPU
		{C8FAF92B-9435-4ECD-9E29-0C282914F19A}.Debug|Any CPU.Build.0 = Debug|Any CPU
		{C8FAF92B-9435-4ECD-9E29-0C282914F19A}.Release|Any CPU.ActiveCfg = Release|Any CPU
		{C8FAF92B-9435-4ECD-9E29-0C282914F19A}.Release|Any CPU.Build.0 = Release|Any CPU
		{ED56679E-C34B-4DF7-86FF-2DFCE949B3C7}.Debug|Any CPU.ActiveCfg = Debug|Any CPU
		{ED56679E-C34B-4DF7-86FF-2DFCE949B3C7}.Debug|Any CPU.Build.0 = Debug|Any CPU
		{ED56679E-C34B-4DF7-86FF-2DFCE949B3C7}.Release|Any CPU.ActiveCfg = Release|Any CPU
		{ED56679E-C34B-4DF7-86FF-2DFCE949B3C7}.Release|Any CPU.Build.0 = Release|Any CPU
	EndGlobalSection
	GlobalSection(SolutionProperties) = preSolution
		HideSolutionNode = FALSE
	EndGlobalSection
	GlobalSection(ExtensibilityGlobals) = postSolution
		SolutionGuid = {276187A6-5077-440E-B8F7-BF37DE529ED5}
	EndGlobalSection
EndGlobal
