
Microsoft Visual Studio Solution File, Format Version 12.00
# Visual Studio Version 17
VisualStudioVersion = 17.0.31903.59
MinimumVisualStudioVersion = 10.0.40219.1
Project("{9A19103F-16F7-4668-BE54-9A1E7A4F7556}") = "WebApiDemo", "WebApiDemo\WebApiDemo.csproj", "{7681C968-81A3-41E9-AB0A-DC68133B935C}"
EndProject
Project("{9A19103F-16F7-4668-BE54-9A1E7A4F7556}") = "DtoModels", "..\..\07.Winform基础\WinformDemo\DtoModels\DtoModels.csproj", "{F135B9D6-7615-4454-974D-2B9CAC60D7E2}"
EndProject
Project("{9A19103F-16F7-4668-BE54-9A1E7A4F7556}") = "WebApiDemo2", "WebApiDemo2\WebApiDemo2.csproj", "{96435CE6-75B7-4ABA-8BE5-E19D53A62AE6}"
EndProject
Project("{FAE04EC0-301F-11D3-BF4B-00C04F79EFBC}") = "WebApiService", "WebApiService\WebApiService.csproj", "{4D9002C6-E94A-4346-BE81-7C6EB1A7631B}"
EndProject
Project("{FAE04EC0-301F-11D3-BF4B-00C04F79EFBC}") = "WebApiDAL", "WebApiDAL\WebApiDAL.csproj", "{0B390D4B-2B9C-41F1-9AD0-E35E542E6A73}"
EndProject
Project("{FAE04EC0-301F-11D3-BF4B-00C04F79EFBC}") = "Tools", "Tools\Tools.csproj", "{84977CAC-4BAB-47A6-9AE4-48BADE8342DD}"
EndProject
Global
	GlobalSection(SolutionConfigurationPlatforms) = preSolution
		Debug|Any CPU = Debug|Any CPU
		Release|Any CPU = Release|Any CPU
	EndGlobalSection
	GlobalSection(ProjectConfigurationPlatforms) = postSolution
		{7681C968-81A3-41E9-AB0A-DC68133B935C}.Debug|Any CPU.ActiveCfg = Debug|Any CPU
		{7681C968-81A3-41E9-AB0A-DC68133B935C}.Debug|Any CPU.Build.0 = Debug|Any CPU
		{7681C968-81A3-41E9-AB0A-DC68133B935C}.Release|Any CPU.ActiveCfg = Release|Any CPU
		{7681C968-81A3-41E9-AB0A-DC68133B935C}.Release|Any CPU.Build.0 = Release|Any CPU
		{F135B9D6-7615-4454-974D-2B9CAC60D7E2}.Debug|Any CPU.ActiveCfg = Debug|Any CPU
		{F135B9D6-7615-4454-974D-2B9CAC60D7E2}.Debug|Any CPU.Build.0 = Debug|Any CPU
		{F135B9D6-7615-4454-974D-2B9CAC60D7E2}.Release|Any CPU.ActiveCfg = Release|Any CPU
		{F135B9D6-7615-4454-974D-2B9CAC60D7E2}.Release|Any CPU.Build.0 = Release|Any CPU
		{96435CE6-75B7-4ABA-8BE5-E19D53A62AE6}.Debug|Any CPU.ActiveCfg = Debug|Any CPU
		{96435CE6-75B7-4ABA-8BE5-E19D53A62AE6}.Debug|Any CPU.Build.0 = Debug|Any CPU
		{96435CE6-75B7-4ABA-8BE5-E19D53A62AE6}.Release|Any CPU.ActiveCfg = Release|Any CPU
		{96435CE6-75B7-4ABA-8BE5-E19D53A62AE6}.Release|Any CPU.Build.0 = Release|Any CPU
		{4D9002C6-E94A-4346-BE81-7C6EB1A7631B}.Debug|Any CPU.ActiveCfg = Debug|Any CPU
		{4D9002C6-E94A-4346-BE81-7C6EB1A7631B}.Debug|Any CPU.Build.0 = Debug|Any CPU
		{4D9002C6-E94A-4346-BE81-7C6EB1A7631B}.Release|Any CPU.ActiveCfg = Release|Any CPU
		{4D9002C6-E94A-4346-BE81-7C6EB1A7631B}.Release|Any CPU.Build.0 = Release|Any CPU
		{0B390D4B-2B9C-41F1-9AD0-E35E542E6A73}.Debug|Any CPU.ActiveCfg = Debug|Any CPU
		{0B390D4B-2B9C-41F1-9AD0-E35E542E6A73}.Debug|Any CPU.Build.0 = Debug|Any CPU
		{0B390D4B-2B9C-41F1-9AD0-E35E542E6A73}.Release|Any CPU.ActiveCfg = Release|Any CPU
		{0B390D4B-2B9C-41F1-9AD0-E35E542E6A73}.Release|Any CPU.Build.0 = Release|Any CPU
		{84977CAC-4BAB-47A6-9AE4-48BADE8342DD}.Debug|Any CPU.ActiveCfg = Debug|Any CPU
		{84977CAC-4BAB-47A6-9AE4-48BADE8342DD}.Debug|Any CPU.Build.0 = Debug|Any CPU
		{84977CAC-4BAB-47A6-9AE4-48BADE8342DD}.Release|Any CPU.ActiveCfg = Release|Any CPU
		{84977CAC-4BAB-47A6-9AE4-48BADE8342DD}.Release|Any CPU.Build.0 = Release|Any CPU
	EndGlobalSection
	GlobalSection(SolutionProperties) = preSolution
		HideSolutionNode = FALSE
	EndGlobalSection
	GlobalSection(ExtensibilityGlobals) = postSolution
		SolutionGuid = {3B05539A-9966-4FDB-B23F-3C7AE37F0419}
	EndGlobalSection
EndGlobal
